
Microsoft Visual Studio Solution File, Format Version 12.00
# Visual Studio Version 17
VisualStudioVersion = 17.11.35222.181
MinimumVisualStudioVersion = 10.0.40219.1
Project("{FAE04EC0-301F-11D3-BF4B-00C04F79EFBC}") = "Варіант 12. Завдання 3", "Варіант 12. Завдання 3\Варіант 12. Завдання 3.csproj", "{A08EDC7B-523E-4CE8-9323-6576CBD3DD63}"
EndProject
Global
	GlobalSection(SolutionConfigurationPlatforms) = preSolution
		Debug|Any CPU = Debug|Any CPU
		Release|Any CPU = Release|Any CPU
	EndGlobalSection
	GlobalSection(ProjectConfigurationPlatforms) = postSolution
		{A08EDC7B-523E-4CE8-9323-6576CBD3DD63}.Debug|Any CPU.ActiveCfg = Debug|Any CPU
		{A08EDC7B-523E-4CE8-9323-6576CBD3DD63}.Debug|Any CPU.Build.0 = Debug|Any CPU
		{A08EDC7B-523E-4CE8-9323-6576CBD3DD63}.Release|Any CPU.ActiveCfg = Release|Any CPU
		{A08EDC7B-523E-4CE8-9323-6576CBD3DD63}.Release|Any CPU.Build.0 = Release|Any CPU
	EndGlobalSection
	GlobalSection(SolutionProperties) = preSolution
		HideSolutionNode = FALSE
	EndGlobalSection
	GlobalSection(ExtensibilityGlobals) = postSolution
		SolutionGuid = {6D5D889A-E2B7-4FFF-9821-184D2FC65D60}
	EndGlobalSection
EndGlobal
