
Microsoft Visual Studio Solution File, Format Version 12.00
# Visual Studio Version 17
VisualStudioVersion = 17.11.35222.181
MinimumVisualStudioVersion = 10.0.40219.1
Project("{FAE04EC0-301F-11D3-BF4B-00C04F79EFBC}") = "Приклад 2", "Приклад 2\Приклад 2.csproj", "{A554A8AE-5C8D-41AE-A162-BCBD09B5BCF6}"
EndProject
Global
	GlobalSection(SolutionConfigurationPlatforms) = preSolution
		Debug|Any CPU = Debug|Any CPU
		Release|Any CPU = Release|Any CPU
	EndGlobalSection
	GlobalSection(ProjectConfigurationPlatforms) = postSolution
		{A554A8AE-5C8D-41AE-A162-BCBD09B5BCF6}.Debug|Any CPU.ActiveCfg = Debug|Any CPU
		{A554A8AE-5C8D-41AE-A162-BCBD09B5BCF6}.Debug|Any CPU.Build.0 = Debug|Any CPU
		{A554A8AE-5C8D-41AE-A162-BCBD09B5BCF6}.Release|Any CPU.ActiveCfg = Release|Any CPU
		{A554A8AE-5C8D-41AE-A162-BCBD09B5BCF6}.Release|Any CPU.Build.0 = Release|Any CPU
	EndGlobalSection
	GlobalSection(SolutionProperties) = preSolution
		HideSolutionNode = FALSE
	EndGlobalSection
	GlobalSection(ExtensibilityGlobals) = postSolution
		SolutionGuid = {9E6A31CE-3D32-47BA-8498-496520A67C7A}
	EndGlobalSection
EndGlobal
