
Microsoft Visual Studio Solution File, Format Version 12.00
# Visual Studio Version 17
VisualStudioVersion = 17.11.35222.181
MinimumVisualStudioVersion = 10.0.40219.1
Project("{FAE04EC0-301F-11D3-BF4B-00C04F79EFBC}") = "Приклад 3", "Приклад 3\Приклад 3.csproj", "{F1AB01C3-94DF-4FEA-9CED-A4DCEDBD9383}"
EndProject
Global
	GlobalSection(SolutionConfigurationPlatforms) = preSolution
		Debug|Any CPU = Debug|Any CPU
		Release|Any CPU = Release|Any CPU
	EndGlobalSection
	GlobalSection(ProjectConfigurationPlatforms) = postSolution
		{F1AB01C3-94DF-4FEA-9CED-A4DCEDBD9383}.Debug|Any CPU.ActiveCfg = Debug|Any CPU
		{F1AB01C3-94DF-4FEA-9CED-A4DCEDBD9383}.Debug|Any CPU.Build.0 = Debug|Any CPU
		{F1AB01C3-94DF-4FEA-9CED-A4DCEDBD9383}.Release|Any CPU.ActiveCfg = Release|Any CPU
		{F1AB01C3-94DF-4FEA-9CED-A4DCEDBD9383}.Release|Any CPU.Build.0 = Release|Any CPU
	EndGlobalSection
	GlobalSection(SolutionProperties) = preSolution
		HideSolutionNode = FALSE
	EndGlobalSection
	GlobalSection(ExtensibilityGlobals) = postSolution
		SolutionGuid = {BFE456D5-7A81-4CDA-A9E2-9891061B9E74}
	EndGlobalSection
EndGlobal
